
Microsoft Visual Studio Solution File, Format Version 12.00
# Visual Studio 2015
Project("{FAE04EC0-301F-11D3-BF4B-00C04F79EFBC}") = "Spacetards_Respawning.CSharp", "Spacetards_Respawning.CSharp.csproj", "{80E27976-E1E0-C874-F1F4-7EAA77E87603}"
EndProject
Global
	GlobalSection(SolutionConfigurationPlatforms) = preSolution
		Debug|Any CPU = Debug|Any CPU
		Release|Any CPU = Release|Any CPU
	EndGlobalSection
	GlobalSection(ProjectConfigurationPlatforms) = postSolution
		{80E27976-E1E0-C874-F1F4-7EAA77E87603}.Debug|Any CPU.ActiveCfg = Debug|Any CPU
		{80E27976-E1E0-C874-F1F4-7EAA77E87603}.Debug|Any CPU.Build.0 = Debug|Any CPU
		{80E27976-E1E0-C874-F1F4-7EAA77E87603}.Release|Any CPU.ActiveCfg = Release|Any CPU
		{80E27976-E1E0-C874-F1F4-7EAA77E87603}.Release|Any CPU.Build.0 = Release|Any CPU
	EndGlobalSection
	GlobalSection(SolutionProperties) = preSolution
		HideSolutionNode = FALSE
	EndGlobalSection
EndGlobal
