Microsoft Visual Studio Solution File, Format Version 11.00
# Visual Studio 2008

Project("{CAE36BEC-5277-9A0C-E4A5-4BE99839577D}") = "Spacetards_MenuVersion", "Assembly-CSharp.csproj", "{C8AB6CAC-AD7E-33D8-D4E8-2C086A0C82EA}"
EndProject
Global
	GlobalSection(SolutionConfigurationPlatforms) = preSolution
		Debug|Any CPU = Debug|Any CPU
		Release|Any CPU = Release|Any CPU
	EndGlobalSection
	GlobalSection(ProjectConfigurationPlatforms) = postSolution
		{C8AB6CAC-AD7E-33D8-D4E8-2C086A0C82EA}.Debug|Any CPU.ActiveCfg = Debug|Any CPU
		{C8AB6CAC-AD7E-33D8-D4E8-2C086A0C82EA}.Debug|Any CPU.Build.0 = Debug|Any CPU
		{C8AB6CAC-AD7E-33D8-D4E8-2C086A0C82EA}.Release|Any CPU.ActiveCfg = Release|Any CPU
		{C8AB6CAC-AD7E-33D8-D4E8-2C086A0C82EA}.Release|Any CPU.Build.0 = Release|Any CPU
	EndGlobalSection
	GlobalSection(SolutionProperties) = preSolution
		HideSolutionNode = FALSE
	EndGlobalSection
	GlobalSection(MonoDevelopProperties) = preSolution
		StartupItem = Assembly-CSharp.csproj
	EndGlobalSection
EndGlobal
